<?xml version="1.0" encoding="utf-8"?>
<Project ToolsVersion="4.0" xmlns="http://schemas.microsoft.com/developer/msbuild/2003">
  <ItemGroup>
    <Filter Include="Исходные файлы">
      <UniqueIdentifier>{4FC737F1-C7A5-4376-A066-2A32D752A2FF}</UniqueIdentifier>
      <Extensions>cpp;c;cc;cxx;c++;cppm;ixx;def;odl;idl;hpj;bat;asm;asmx</Extensions>
    </Filter>
    <Filter Include="Файлы заголовков">
      <UniqueIdentifier>{93995380-89BD-4b04-88EB-625FBE52EBFB}</UniqueIdentifier>
      <Extensions>h;hh;hpp;hxx;h++;hm;inl;inc;ipp;xsd</Extensions>
    </Filter>
    <Filter Include="Файлы ресурсов">
      <UniqueIdentifier>{67DA6AB6-F800-4c08-8B7A-83BB121AAD01}</UniqueIdentifier>
      <Extensions>rc;ico;cur;bmp;dlg;rc2;rct;bin;rgs;gif;jpg;jpeg;jpe;resx;tiff;tif;png;wav;mfcribbon-ms</Extensions>
    </Filter>
    <Filter Include="Mouse">
      <UniqueIdentifier>{9b8456fd-896d-439a-8523-fa4f77e2b47f}</UniqueIdentifier>
    </Filter>
    <Filter Include="Keyboard">
      <UniqueIdentifier>{06296c62-ded5-424f-9577-5a779a09f84d}</UniqueIdentifier>
    </Filter>
    <Filter Include="Graphics">
      <UniqueIdentifier>{2cb90ddf-28b9-4ca9-bb2e-1b57eef96b7e}</UniqueIdentifier>
    </Filter>
  </ItemGroup>
  <ItemGroup>
    <ClCompile Include="Engine.cpp">
      <Filter>Исходные файлы</Filter>
    </ClCompile>
    <ClCompile Include="Main.cpp">
      <Filter>Исходные файлы</Filter>
    </ClCompile>
    <ClCompile Include="RenderWindow.cpp">
      <Filter>Исходные файлы</Filter>
    </ClCompile>
    <ClCompile Include="StringConverter.cpp">
      <Filter>Исходные файлы</Filter>
    </ClCompile>
    <ClCompile Include="WindowContainer.cpp">
      <Filter>Исходные файлы</Filter>
    </ClCompile>
    <ClCompile Include="WinErrorLogger.cpp">
      <Filter>Исходные файлы</Filter>
    </ClCompile>
    <ClCompile Include="Graphics\AdapterReader.cpp">
      <Filter>Graphics</Filter>
    </ClCompile>
    <ClCompile Include="Graphics\Graphics.cpp">
      <Filter>Graphics</Filter>
    </ClCompile>
    <ClCompile Include="Keyboard\KeyboardClass.cpp">
      <Filter>Keyboard</Filter>
    </ClCompile>
    <ClCompile Include="Keyboard\KeyboardEvent.cpp">
      <Filter>Keyboard</Filter>
    </ClCompile>
    <ClCompile Include="Mouse\MouseClass.cpp">
      <Filter>Mouse</Filter>
    </ClCompile>
    <ClCompile Include="Mouse\MouseEvent.cpp">
      <Filter>Mouse</Filter>
    </ClCompile>
    <ClCompile Include="Graphics\Shaders.cpp">
      <Filter>Graphics</Filter>
    </ClCompile>
    <ClCompile Include="Graphics\ToneMaping.cpp">
      <Filter>Graphics</Filter>
    </ClCompile>
    <ClCompile Include="Graphics\RenderInTexture.cpp">
      <Filter>Graphics</Filter>
    </ClCompile>
    <ClCompile Include="Graphics\AverageLuminanceCalculator.cpp">
      <Filter>Graphics</Filter>
    </ClCompile>
    <ClCompile Include="Global.cpp">
      <Filter>Исходные файлы</Filter>
    </ClCompile>
    <ClCompile Include="Keyboard\KeyboardProcessor.cpp">
      <Filter>Keyboard</Filter>
    </ClCompile>
    <ClCompile Include="Mouse\MouseProcessor.cpp">
      <Filter>Mouse</Filter>
    </ClCompile>
    <ClCompile Include="Graphics\Sphere.cpp">
      <Filter>Graphics</Filter>
    </ClCompile>
    <ClCompile Include="Graphics\DDSTextureLoader.cpp">
      <Filter>Исходные файлы</Filter>
    </ClCompile>
  </ItemGroup>
  <ItemGroup>
    <ClInclude Include="Engine.h">
      <Filter>Файлы заголовков</Filter>
    </ClInclude>
    <ClInclude Include="RenderWindow.h">
      <Filter>Файлы заголовков</Filter>
    </ClInclude>
    <ClInclude Include="StringConverter.h">
      <Filter>Файлы заголовков</Filter>
    </ClInclude>
    <ClInclude Include="WindowContainer.h">
      <Filter>Файлы заголовков</Filter>
    </ClInclude>
    <ClInclude Include="WinErrorLoger.h">
      <Filter>Файлы заголовков</Filter>
    </ClInclude>
    <ClInclude Include="Graphics\AdapterReader.h">
      <Filter>Graphics</Filter>
    </ClInclude>
    <ClInclude Include="Graphics\Graphics.h">
      <Filter>Graphics</Filter>
    </ClInclude>
    <ClInclude Include="Keyboard\KeyboardClass.h">
      <Filter>Keyboard</Filter>
    </ClInclude>
    <ClInclude Include="Keyboard\KeyboardEvent.h">
      <Filter>Keyboard</Filter>
    </ClInclude>
    <ClInclude Include="Mouse\MouseClass.h">
      <Filter>Mouse</Filter>
    </ClInclude>
    <ClInclude Include="Mouse\MouseEvent.h">
      <Filter>Mouse</Filter>
    </ClInclude>
    <ClInclude Include="Graphics\Vertex.h">
      <Filter>Graphics</Filter>
    </ClInclude>
    <ClInclude Include="Graphics\Shaders.h">
      <Filter>Graphics</Filter>
    </ClInclude>
    <ClInclude Include="Graphics\ConstantBuffer.h">
      <Filter>Graphics</Filter>
    </ClInclude>
    <ClInclude Include="Graphics\CameraPosition.h">
      <Filter>Graphics</Filter>
    </ClInclude>
    <ClInclude Include="Graphics\ToneMaping.h">
      <Filter>Graphics</Filter>
    </ClInclude>
    <ClInclude Include="Graphics\RenderInTexture.h">
      <Filter>Graphics</Filter>
    </ClInclude>
    <ClInclude Include="Graphics\AverageLuminanceCalculator.h">
      <Filter>Graphics</Filter>
    </ClInclude>
    <ClInclude Include="Global.h">
      <Filter>Файлы заголовков</Filter>
    </ClInclude>
    <ClInclude Include="Keyboard\KeyboardProcessor.h">
      <Filter>Keyboard</Filter>
    </ClInclude>
    <ClInclude Include="Graphics\Sphere.h">
      <Filter>Graphics</Filter>
    </ClInclude>
    <ClInclude Include="Graphics\WorldCameraPosition.h">
      <Filter>Graphics</Filter>
    </ClInclude>
    <ClInclude Include="Mouse\MouseProcessor.h">
      <Filter>Mouse</Filter>
    </ClInclude>
    <ClInclude Include="Graphics\DDSTextureLoader.h">
      <Filter>Файлы заголовков</Filter>
    </ClInclude>
  </ItemGroup>
  <ItemGroup>
    <FxCompile Include="vertexshader.hlsl" />
    <FxCompile Include="tonepixelshader.hlsl" />
    <FxCompile Include="tonevertexshader.hlsl" />
    <FxCompile Include="luminancepixelshader.hlsl" />
    <FxCompile Include="colorpixelshader.hlsl" />
    <FxCompile Include="colorvertexshader.hlsl" />
    <FxCompile Include="envpixelshader.hlsl">
      <Filter>Исходные файлы</Filter>
    </FxCompile>
    <FxCompile Include="geometrypixelshader.hlsl" />
    <FxCompile Include="fresnelpixelshader.hlsl" />
    <FxCompile Include="brdfpixelshader.hlsl" />
    <FxCompile Include="ndfpixelshader.hlsl" />
  </ItemGroup>
  <ItemGroup>
    <Image Include="texture.jpg">
      <Filter>Файлы ресурсов</Filter>
    </Image>
    <Image Include="texture.dds" />
  </ItemGroup>
  <ItemGroup>
    <None Include="commonshader.fx" />
  </ItemGroup>
</Project>